
Microsoft Visual Studio Solution File, Format Version 12.00
Project("{FAE04EC0-301F-11D3-BF4B-00C04F79EFBC}") = "PetSearchAPI", "PetSearchAPI\PetSearchAPI.csproj", "{A8364ACD-14EB-4109-A541-BCD6FB99CFEC}"
EndProject
Global
	GlobalSection(SolutionConfigurationPlatforms) = preSolution
		Debug|Any CPU = Debug|Any CPU
		Release|Any CPU = Release|Any CPU
	EndGlobalSection
	GlobalSection(ProjectConfigurationPlatforms) = postSolution
		{A8364ACD-14EB-4109-A541-BCD6FB99CFEC}.Debug|Any CPU.ActiveCfg = Debug|Any CPU
		{A8364ACD-14EB-4109-A541-BCD6FB99CFEC}.Debug|Any CPU.Build.0 = Debug|Any CPU
		{A8364ACD-14EB-4109-A541-BCD6FB99CFEC}.Release|Any CPU.ActiveCfg = Release|Any CPU
		{A8364ACD-14EB-4109-A541-BCD6FB99CFEC}.Release|Any CPU.Build.0 = Release|Any CPU
	EndGlobalSection
EndGlobal
